
Microsoft Visual Studio Solution File, Format Version 12.00
# Visual Studio Version 16
VisualStudioVersion = 16.0.31112.23
MinimumVisualStudioVersion = 10.0.40219.1
Project("{FAE04EC0-301F-11D3-BF4B-00C04F79EFBC}") = "WebServer", "WebServer\WebServer.csproj", "{DA964394-2486-4E7C-8C8E-3F3B70603FDA}"
EndProject
Global
	GlobalSection(SolutionConfigurationPlatforms) = preSolution
		Debug|Any CPU = Debug|Any CPU
		Release|Any CPU = Release|Any CPU
	EndGlobalSection
	GlobalSection(ProjectConfigurationPlatforms) = postSolution
		{DA964394-2486-4E7C-8C8E-3F3B70603FDA}.Debug|Any CPU.ActiveCfg = Debug|Any CPU
		{DA964394-2486-4E7C-8C8E-3F3B70603FDA}.Debug|Any CPU.Build.0 = Debug|Any CPU
		{DA964394-2486-4E7C-8C8E-3F3B70603FDA}.Release|Any CPU.ActiveCfg = Release|Any CPU
		{DA964394-2486-4E7C-8C8E-3F3B70603FDA}.Release|Any CPU.Build.0 = Release|Any CPU
	EndGlobalSection
	GlobalSection(SolutionProperties) = preSolution
		HideSolutionNode = FALSE
	EndGlobalSection
	GlobalSection(ExtensibilityGlobals) = postSolution
		SolutionGuid = {CB234746-974B-432D-AC2E-584E18D13265}
	EndGlobalSection
EndGlobal
